// !$*UTF8*$!
{
	archiveVersion = 1;
	classes = {
	};
	objectVersion = 56;
	objects = {

/* Begin PBXBuildFile section */
		4A349A512CAE5B7C0081A69E /* CustomShape.swift in Sources */ = {isa = PBXBuildFile; fileRef = 4A349A502CAE5B7C0081A69E /* CustomShape.swift */; };
		4A349A532CAE5D510081A69E /* RatingSizesDetailView.swift in Sources */ = {isa = PBXBuildFile; fileRef = 4A349A522CAE5D510081A69E /* RatingSizesDetailView.swift */; };
		4A349A552CAE628A0081A69E /* QuantityFavoriteDetalView.swift in Sources */ = {isa = PBXBuildFile; fileRef = 4A349A542CAE628A0081A69E /* QuantityFavoriteDetalView.swift */; };
		4A349A572CAE66530081A69E /* AddToCartDetaiView.swift in Sources */ = {isa = PBXBuildFile; fileRef = 4A349A562CAE66530081A69E /* AddToCartDetaiView.swift */; };
		4A349A592CAE683D0081A69E /* Shop.swift in Sources */ = {isa = PBXBuildFile; fileRef = 4A349A582CAE683D0081A69E /* Shop.swift */; };
		4A6A6A292CABC732003C02BA /* BrandModel.swift in Sources */ = {isa = PBXBuildFile; fileRef = 4A6A6A282CABC727003C02BA /* BrandModel.swift */; };
		4A6A6A2B2CABC792003C02BA /* BrandItemView.swift in Sources */ = {isa = PBXBuildFile; fileRef = 4A6A6A2A2CABC792003C02BA /* BrandItemView.swift */; };
		4A6A6A2D2CABC826003C02BA /* BrandGridView.swift in Sources */ = {isa = PBXBuildFile; fileRef = 4A6A6A2C2CABC826003C02BA /* BrandGridView.swift */; };
		4A6A6A2F2CABE408003C02BA /* ProductDetailView.swift in Sources */ = {isa = PBXBuildFile; fileRef = 4A6A6A2E2CABE408003C02BA /* ProductDetailView.swift */; };
		4A6A6A312CABE5C4003C02BA /* NavigatiobarDetailView.swift in Sources */ = {isa = PBXBuildFile; fileRef = 4A6A6A302CABE5C4003C02BA /* NavigatiobarDetailView.swift */; };
		4A6A6A332CABE6F1003C02BA /* HeaderDetailView.swift in Sources */ = {isa = PBXBuildFile; fileRef = 4A6A6A322CABE6F1003C02BA /* HeaderDetailView.swift */; };
		4A6A6A352CABE7C8003C02BA /* TopPartDetailView.swift in Sources */ = {isa = PBXBuildFile; fileRef = 4A6A6A342CABE7C8003C02BA /* TopPartDetailView.swift */; };
		4A6E29B32C817DDB00F6B3A3 /* TouchdownApp.swift in Sources */ = {isa = PBXBuildFile; fileRef = 4A6E29B22C817DDB00F6B3A3 /* TouchdownApp.swift */; };
		4A6E29B52C817DDB00F6B3A3 /* ContentView.swift in Sources */ = {isa = PBXBuildFile; fileRef = 4A6E29B42C817DDB00F6B3A3 /* ContentView.swift */; };
		4A6E29B72C817DDC00F6B3A3 /* Assets.xcassets in Resources */ = {isa = PBXBuildFile; fileRef = 4A6E29B62C817DDC00F6B3A3 /* Assets.xcassets */; };
		4A6E29BA2C817DDC00F6B3A3 /* Preview Assets.xcassets in Resources */ = {isa = PBXBuildFile; fileRef = 4A6E29B92C817DDC00F6B3A3 /* Preview Assets.xcassets */; };
		4A6E29C42C817EC200F6B3A3 /* player.json in Resources */ = {isa = PBXBuildFile; fileRef = 4A6E29C02C817EC200F6B3A3 /* player.json */; };
		4A6E29C52C817EC200F6B3A3 /* brand.json in Resources */ = {isa = PBXBuildFile; fileRef = 4A6E29C12C817EC200F6B3A3 /* brand.json */; };
		4A6E29C62C817EC200F6B3A3 /* category.json in Resources */ = {isa = PBXBuildFile; fileRef = 4A6E29C22C817EC200F6B3A3 /* category.json */; };
		4A6E29C72C817EC200F6B3A3 /* product.json in Resources */ = {isa = PBXBuildFile; fileRef = 4A6E29C32C817EC200F6B3A3 /* product.json */; };
		4A6E29D22C81809100F6B3A3 /* Constant.swift in Sources */ = {isa = PBXBuildFile; fileRef = 4A6E29D12C81809100F6B3A3 /* Constant.swift */; };
		4A6E29D42C81816500F6B3A3 /* FooterView.swift in Sources */ = {isa = PBXBuildFile; fileRef = 4A6E29D32C81816500F6B3A3 /* FooterView.swift */; };
		4A989DB42CAA5D220075B92E /* CategoryModel.swift in Sources */ = {isa = PBXBuildFile; fileRef = 4A989DB32CAA5D140075B92E /* CategoryModel.swift */; };
		4A989DB62CAA5EEC0075B92E /* CategoryItemView.swift in Sources */ = {isa = PBXBuildFile; fileRef = 4A989DB52CAA5EEC0075B92E /* CategoryItemView.swift */; };
		4A989DB82CAA60F10075B92E /* CategoryGridView.swift in Sources */ = {isa = PBXBuildFile; fileRef = 4A989DB72CAA60F10075B92E /* CategoryGridView.swift */; };
		4A989DBA2CAA639B0075B92E /* SectionView.swift in Sources */ = {isa = PBXBuildFile; fileRef = 4A989DB92CAA639B0075B92E /* SectionView.swift */; };
		4A989DBC2CAA697B0075B92E /* ProductModel.swift in Sources */ = {isa = PBXBuildFile; fileRef = 4A989DBB2CAA69710075B92E /* ProductModel.swift */; };
		4A989DBE2CAA6A430075B92E /* TitleView.swift in Sources */ = {isa = PBXBuildFile; fileRef = 4A989DBD2CAA6A430075B92E /* TitleView.swift */; };
		4A989DC02CAA6BB80075B92E /* ProductItemView.swift in Sources */ = {isa = PBXBuildFile; fileRef = 4A989DBF2CAA6BB80075B92E /* ProductItemView.swift */; };
		4AF734092C8573C5007E1087 /* NavigationBarView.swift in Sources */ = {isa = PBXBuildFile; fileRef = 4AF734082C8573C5007E1087 /* NavigationBarView.swift */; };
		4AF7340B2C8574D9007E1087 /* LogoView.swift in Sources */ = {isa = PBXBuildFile; fileRef = 4AF7340A2C8574D9007E1087 /* LogoView.swift */; };
		4AF7340D2C85794D007E1087 /* PlayerModel.swift in Sources */ = {isa = PBXBuildFile; fileRef = 4AF7340C2C85794D007E1087 /* PlayerModel.swift */; };
		4AF7340F2C8579A8007E1087 /* CodableBundleExtension.swift in Sources */ = {isa = PBXBuildFile; fileRef = 4AF7340E2C8579A8007E1087 /* CodableBundleExtension.swift */; };
		4AF734112C857BD9007E1087 /* FeaturedItemView.swift in Sources */ = {isa = PBXBuildFile; fileRef = 4AF734102C857BD9007E1087 /* FeaturedItemView.swift */; };
		4AF734132C857CEA007E1087 /* FeaturedTabView.swift in Sources */ = {isa = PBXBuildFile; fileRef = 4AF734122C857CEA007E1087 /* FeaturedTabView.swift */; };
/* End PBXBuildFile section */

/* Begin PBXFileReference section */
		4A349A502CAE5B7C0081A69E /* CustomShape.swift */ = {isa = PBXFileReference; lastKnownFileType = sourcecode.swift; path = CustomShape.swift; sourceTree = "<group>"; };
		4A349A522CAE5D510081A69E /* RatingSizesDetailView.swift */ = {isa = PBXFileReference; lastKnownFileType = sourcecode.swift; path = RatingSizesDetailView.swift; sourceTree = "<group>"; };
		4A349A542CAE628A0081A69E /* QuantityFavoriteDetalView.swift */ = {isa = PBXFileReference; lastKnownFileType = sourcecode.swift; path = QuantityFavoriteDetalView.swift; sourceTree = "<group>"; };
		4A349A562CAE66530081A69E /* AddToCartDetaiView.swift */ = {isa = PBXFileReference; lastKnownFileType = sourcecode.swift; path = AddToCartDetaiView.swift; sourceTree = "<group>"; };
		4A349A582CAE683D0081A69E /* Shop.swift */ = {isa = PBXFileReference; lastKnownFileType = sourcecode.swift; path = Shop.swift; sourceTree = "<group>"; };
		4A6A6A282CABC727003C02BA /* BrandModel.swift */ = {isa = PBXFileReference; lastKnownFileType = sourcecode.swift; path = BrandModel.swift; sourceTree = "<group>"; };
		4A6A6A2A2CABC792003C02BA /* BrandItemView.swift */ = {isa = PBXFileReference; lastKnownFileType = sourcecode.swift; path = BrandItemView.swift; sourceTree = "<group>"; };
		4A6A6A2C2CABC826003C02BA /* BrandGridView.swift */ = {isa = PBXFileReference; lastKnownFileType = sourcecode.swift; path = BrandGridView.swift; sourceTree = "<group>"; };
		4A6A6A2E2CABE408003C02BA /* ProductDetailView.swift */ = {isa = PBXFileReference; lastKnownFileType = sourcecode.swift; path = ProductDetailView.swift; sourceTree = "<group>"; };
		4A6A6A302CABE5C4003C02BA /* NavigatiobarDetailView.swift */ = {isa = PBXFileReference; lastKnownFileType = sourcecode.swift; path = NavigatiobarDetailView.swift; sourceTree = "<group>"; };
		4A6A6A322CABE6F1003C02BA /* HeaderDetailView.swift */ = {isa = PBXFileReference; lastKnownFileType = sourcecode.swift; path = HeaderDetailView.swift; sourceTree = "<group>"; };
		4A6A6A342CABE7C8003C02BA /* TopPartDetailView.swift */ = {isa = PBXFileReference; lastKnownFileType = sourcecode.swift; path = TopPartDetailView.swift; sourceTree = "<group>"; };
		4A6E29AF2C817DDB00F6B3A3 /* Touchdown.app */ = {isa = PBXFileReference; explicitFileType = wrapper.application; includeInIndex = 0; path = Touchdown.app; sourceTree = BUILT_PRODUCTS_DIR; };
		4A6E29B22C817DDB00F6B3A3 /* TouchdownApp.swift */ = {isa = PBXFileReference; lastKnownFileType = sourcecode.swift; path = TouchdownApp.swift; sourceTree = "<group>"; };
		4A6E29B42C817DDB00F6B3A3 /* ContentView.swift */ = {isa = PBXFileReference; lastKnownFileType = sourcecode.swift; path = ContentView.swift; sourceTree = "<group>"; };
		4A6E29B62C817DDC00F6B3A3 /* Assets.xcassets */ = {isa = PBXFileReference; lastKnownFileType = folder.assetcatalog; path = Assets.xcassets; sourceTree = "<group>"; };
		4A6E29B92C817DDC00F6B3A3 /* Preview Assets.xcassets */ = {isa = PBXFileReference; lastKnownFileType = folder.assetcatalog; path = "Preview Assets.xcassets"; sourceTree = "<group>"; };
		4A6E29C02C817EC200F6B3A3 /* player.json */ = {isa = PBXFileReference; fileEncoding = 4; lastKnownFileType = text.json; path = player.json; sourceTree = "<group>"; };
		4A6E29C12C817EC200F6B3A3 /* brand.json */ = {isa = PBXFileReference; fileEncoding = 4; lastKnownFileType = text.json; path = brand.json; sourceTree = "<group>"; };
		4A6E29C22C817EC200F6B3A3 /* category.json */ = {isa = PBXFileReference; fileEncoding = 4; lastKnownFileType = text.json; path = category.json; sourceTree = "<group>"; };
		4A6E29C32C817EC200F6B3A3 /* product.json */ = {isa = PBXFileReference; fileEncoding = 4; lastKnownFileType = text.json; path = product.json; sourceTree = "<group>"; };
		4A6E29C92C817F2200F6B3A3 /* Info.plist */ = {isa = PBXFileReference; lastKnownFileType = text.plist; path = Info.plist; sourceTree = "<group>"; };
		4A6E29D12C81809100F6B3A3 /* Constant.swift */ = {isa = PBXFileReference; lastKnownFileType = sourcecode.swift; path = Constant.swift; sourceTree = "<group>"; };
		4A6E29D32C81816500F6B3A3 /* FooterView.swift */ = {isa = PBXFileReference; lastKnownFileType = sourcecode.swift; path = FooterView.swift; sourceTree = "<group>"; };
		4A989DB32CAA5D140075B92E /* CategoryModel.swift */ = {isa = PBXFileReference; lastKnownFileType = sourcecode.swift; path = CategoryModel.swift; sourceTree = "<group>"; };
		4A989DB52CAA5EEC0075B92E /* CategoryItemView.swift */ = {isa = PBXFileReference; lastKnownFileType = sourcecode.swift; path = CategoryItemView.swift; sourceTree = "<group>"; };
		4A989DB72CAA60F10075B92E /* CategoryGridView.swift */ = {isa = PBXFileReference; lastKnownFileType = sourcecode.swift; path = CategoryGridView.swift; sourceTree = "<group>"; };
		4A989DB92CAA639B0075B92E /* SectionView.swift */ = {isa = PBXFileReference; lastKnownFileType = sourcecode.swift; path = SectionView.swift; sourceTree = "<group>"; };
		4A989DBB2CAA69710075B92E /* ProductModel.swift */ = {isa = PBXFileReference; lastKnownFileType = sourcecode.swift; path = ProductModel.swift; sourceTree = "<group>"; };
		4A989DBD2CAA6A430075B92E /* TitleView.swift */ = {isa = PBXFileReference; lastKnownFileType = sourcecode.swift; path = TitleView.swift; sourceTree = "<group>"; };
		4A989DBF2CAA6BB80075B92E /* ProductItemView.swift */ = {isa = PBXFileReference; lastKnownFileType = sourcecode.swift; path = ProductItemView.swift; sourceTree = "<group>"; };
		4AF734082C8573C5007E1087 /* NavigationBarView.swift */ = {isa = PBXFileReference; lastKnownFileType = sourcecode.swift; path = NavigationBarView.swift; sourceTree = "<group>"; };
		4AF7340A2C8574D9007E1087 /* LogoView.swift */ = {isa = PBXFileReference; lastKnownFileType = sourcecode.swift; path = LogoView.swift; sourceTree = "<group>"; };
		4AF7340C2C85794D007E1087 /* PlayerModel.swift */ = {isa = PBXFileReference; lastKnownFileType = sourcecode.swift; path = PlayerModel.swift; sourceTree = "<group>"; };
		4AF7340E2C8579A8007E1087 /* CodableBundleExtension.swift */ = {isa = PBXFileReference; lastKnownFileType = sourcecode.swift; path = CodableBundleExtension.swift; sourceTree = "<group>"; };
		4AF734102C857BD9007E1087 /* FeaturedItemView.swift */ = {isa = PBXFileReference; lastKnownFileType = sourcecode.swift; path = FeaturedItemView.swift; sourceTree = "<group>"; };
		4AF734122C857CEA007E1087 /* FeaturedTabView.swift */ = {isa = PBXFileReference; lastKnownFileType = sourcecode.swift; path = FeaturedTabView.swift; sourceTree = "<group>"; };
/* End PBXFileReference section */

/* Begin PBXFrameworksBuildPhase section */
		4A6E29AC2C817DDB00F6B3A3 /* Frameworks */ = {
			isa = PBXFrameworksBuildPhase;
			buildActionMask = 2147483647;
			files = (
			);
			runOnlyForDeploymentPostprocessing = 0;
		};
/* End PBXFrameworksBuildPhase section */

/* Begin PBXGroup section */
		4A6E29A62C817DDB00F6B3A3 = {
			isa = PBXGroup;
			children = (
				4A6E29B12C817DDB00F6B3A3 /* Touchdown */,
				4A6E29B02C817DDB00F6B3A3 /* Products */,
			);
			sourceTree = "<group>";
		};
		4A6E29B02C817DDB00F6B3A3 /* Products */ = {
			isa = PBXGroup;
			children = (
				4A6E29AF2C817DDB00F6B3A3 /* Touchdown.app */,
			);
			name = Products;
			sourceTree = "<group>";
		};
		4A6E29B12C817DDB00F6B3A3 /* Touchdown */ = {
			isa = PBXGroup;
			children = (
				4A6E29D02C81805F00F6B3A3 /* Extension */,
				4A6E29CF2C81804F00F6B3A3 /* Utility */,
				4A6E29CE2C81804800F6B3A3 /* Model */,
				4A6E29CB2C817FFB00F6B3A3 /* View */,
				4A6E29C92C817F2200F6B3A3 /* Info.plist */,
				4A6E29C82C817ED800F6B3A3 /* Data */,
				4A6E29CA2C817FEF00F6B3A3 /* App */,
				4A6E29B62C817DDC00F6B3A3 /* Assets.xcassets */,
				4A6E29B82C817DDC00F6B3A3 /* Preview Content */,
			);
			path = Touchdown;
			sourceTree = "<group>";
		};
		4A6E29B82C817DDC00F6B3A3 /* Preview Content */ = {
			isa = PBXGroup;
			children = (
				4A6E29B92C817DDC00F6B3A3 /* Preview Assets.xcassets */,
			);
			path = "Preview Content";
			sourceTree = "<group>";
		};
		4A6E29C82C817ED800F6B3A3 /* Data */ = {
			isa = PBXGroup;
			children = (
				4A6E29C12C817EC200F6B3A3 /* brand.json */,
				4A6E29C22C817EC200F6B3A3 /* category.json */,
				4A6E29C02C817EC200F6B3A3 /* player.json */,
				4A6E29C32C817EC200F6B3A3 /* product.json */,
			);
			path = Data;
			sourceTree = "<group>";
		};
		4A6E29CA2C817FEF00F6B3A3 /* App */ = {
			isa = PBXGroup;
			children = (
				4A6E29B22C817DDB00F6B3A3 /* TouchdownApp.swift */,
				4A6E29B42C817DDB00F6B3A3 /* ContentView.swift */,
				4A6A6A2E2CABE408003C02BA /* ProductDetailView.swift */,
			);
			path = App;
			sourceTree = "<group>";
		};
		4A6E29CB2C817FFB00F6B3A3 /* View */ = {
			isa = PBXGroup;
			children = (
				4A6E29CD2C81803700F6B3A3 /* Detail */,
				4A6E29CC2C81800C00F6B3A3 /* Home */,
			);
			path = View;
			sourceTree = "<group>";
		};
		4A6E29CC2C81800C00F6B3A3 /* Home */ = {
			isa = PBXGroup;
			children = (
				4A6E29D32C81816500F6B3A3 /* FooterView.swift */,
				4AF734082C8573C5007E1087 /* NavigationBarView.swift */,
				4AF7340A2C8574D9007E1087 /* LogoView.swift */,
				4AF734102C857BD9007E1087 /* FeaturedItemView.swift */,
				4AF734122C857CEA007E1087 /* FeaturedTabView.swift */,
				4A989DB52CAA5EEC0075B92E /* CategoryItemView.swift */,
				4A989DB72CAA60F10075B92E /* CategoryGridView.swift */,
				4A989DB92CAA639B0075B92E /* SectionView.swift */,
				4A989DBD2CAA6A430075B92E /* TitleView.swift */,
				4A989DBF2CAA6BB80075B92E /* ProductItemView.swift */,
				4A6A6A2A2CABC792003C02BA /* BrandItemView.swift */,
				4A6A6A2C2CABC826003C02BA /* BrandGridView.swift */,
			);
			path = Home;
			sourceTree = "<group>";
		};
		4A6E29CD2C81803700F6B3A3 /* Detail */ = {
			isa = PBXGroup;
			children = (
				4A6A6A302CABE5C4003C02BA /* NavigatiobarDetailView.swift */,
				4A6A6A322CABE6F1003C02BA /* HeaderDetailView.swift */,
				4A6A6A342CABE7C8003C02BA /* TopPartDetailView.swift */,
				4A349A522CAE5D510081A69E /* RatingSizesDetailView.swift */,
				4A349A542CAE628A0081A69E /* QuantityFavoriteDetalView.swift */,
				4A349A562CAE66530081A69E /* AddToCartDetaiView.swift */,
			);
			path = Detail;
			sourceTree = "<group>";
		};
		4A6E29CE2C81804800F6B3A3 /* Model */ = {
			isa = PBXGroup;
			children = (
				4A6A6A282CABC727003C02BA /* BrandModel.swift */,
				4A989DBB2CAA69710075B92E /* ProductModel.swift */,
				4A989DB32CAA5D140075B92E /* CategoryModel.swift */,
				4AF7340C2C85794D007E1087 /* PlayerModel.swift */,
			);
			path = Model;
			sourceTree = "<group>";
		};
		4A6E29CF2C81804F00F6B3A3 /* Utility */ = {
			isa = PBXGroup;
			children = (
				4A6E29D12C81809100F6B3A3 /* Constant.swift */,
				4A349A502CAE5B7C0081A69E /* CustomShape.swift */,
				4A349A582CAE683D0081A69E /* Shop.swift */,
			);
			path = Utility;
			sourceTree = "<group>";
		};
		4A6E29D02C81805F00F6B3A3 /* Extension */ = {
			isa = PBXGroup;
			children = (
				4AF7340E2C8579A8007E1087 /* CodableBundleExtension.swift */,
			);
			path = Extension;
			sourceTree = "<group>";
		};
/* End PBXGroup section */

/* Begin PBXNativeTarget section */
		4A6E29AE2C817DDB00F6B3A3 /* Touchdown */ = {
			isa = PBXNativeTarget;
			buildConfigurationList = 4A6E29BD2C817DDC00F6B3A3 /* Build configuration list for PBXNativeTarget "Touchdown" */;
			buildPhases = (
				4A6E29AB2C817DDB00F6B3A3 /* Sources */,
				4A6E29AC2C817DDB00F6B3A3 /* Frameworks */,
				4A6E29AD2C817DDB00F6B3A3 /* Resources */,
			);
			buildRules = (
			);
			dependencies = (
			);
			name = Touchdown;
			productName = Touchdown;
			productReference = 4A6E29AF2C817DDB00F6B3A3 /* Touchdown.app */;
			productType = "com.apple.product-type.application";
		};
/* End PBXNativeTarget section */

/* Begin PBXProject section */
		4A6E29A72C817DDB00F6B3A3 /* Project object */ = {
			isa = PBXProject;
			attributes = {
				BuildIndependentTargetsInParallel = 1;
				LastSwiftUpdateCheck = 1540;
				LastUpgradeCheck = 1540;
				TargetAttributes = {
					4A6E29AE2C817DDB00F6B3A3 = {
						CreatedOnToolsVersion = 15.4;
					};
				};
			};
			buildConfigurationList = 4A6E29AA2C817DDB00F6B3A3 /* Build configuration list for PBXProject "Touchdown" */;
			compatibilityVersion = "Xcode 14.0";
			developmentRegion = en;
			hasScannedForEncodings = 0;
			knownRegions = (
				en,
				Base,
			);
			mainGroup = 4A6E29A62C817DDB00F6B3A3;
			productRefGroup = 4A6E29B02C817DDB00F6B3A3 /* Products */;
			projectDirPath = "";
			projectRoot = "";
			targets = (
				4A6E29AE2C817DDB00F6B3A3 /* Touchdown */,
			);
		};
/* End PBXProject section */

/* Begin PBXResourcesBuildPhase section */
		4A6E29AD2C817DDB00F6B3A3 /* Resources */ = {
			isa = PBXResourcesBuildPhase;
			buildActionMask = 2147483647;
			files = (
				4A6E29C42C817EC200F6B3A3 /* player.json in Resources */,
				4A6E29C52C817EC200F6B3A3 /* brand.json in Resources */,
				4A6E29C62C817EC200F6B3A3 /* category.json in Resources */,
				4A6E29BA2C817DDC00F6B3A3 /* Preview Assets.xcassets in Resources */,
				4A6E29B72C817DDC00F6B3A3 /* Assets.xcassets in Resources */,
				4A6E29C72C817EC200F6B3A3 /* product.json in Resources */,
			);
			runOnlyForDeploymentPostprocessing = 0;
		};
/* End PBXResourcesBuildPhase section */

/* Begin PBXSourcesBuildPhase section */
		4A6E29AB2C817DDB00F6B3A3 /* Sources */ = {
			isa = PBXSourcesBuildPhase;
			buildActionMask = 2147483647;
			files = (
				4AF7340F2C8579A8007E1087 /* CodableBundleExtension.swift in Sources */,
				4A6A6A332CABE6F1003C02BA /* HeaderDetailView.swift in Sources */,
				4A6A6A352CABE7C8003C02BA /* TopPartDetailView.swift in Sources */,
				4A6E29B52C817DDB00F6B3A3 /* ContentView.swift in Sources */,
				4AF7340B2C8574D9007E1087 /* LogoView.swift in Sources */,
				4A6E29D42C81816500F6B3A3 /* FooterView.swift in Sources */,
				4A349A552CAE628A0081A69E /* QuantityFavoriteDetalView.swift in Sources */,
				4A989DBC2CAA697B0075B92E /* ProductModel.swift in Sources */,
				4A989DC02CAA6BB80075B92E /* ProductItemView.swift in Sources */,
				4A6A6A2D2CABC826003C02BA /* BrandGridView.swift in Sources */,
				4AF734112C857BD9007E1087 /* FeaturedItemView.swift in Sources */,
				4A6A6A2F2CABE408003C02BA /* ProductDetailView.swift in Sources */,
				4A6E29B32C817DDB00F6B3A3 /* TouchdownApp.swift in Sources */,
				4A989DBE2CAA6A430075B92E /* TitleView.swift in Sources */,
				4A6E29D22C81809100F6B3A3 /* Constant.swift in Sources */,
				4A349A572CAE66530081A69E /* AddToCartDetaiView.swift in Sources */,
				4A6A6A312CABE5C4003C02BA /* NavigatiobarDetailView.swift in Sources */,
				4A989DB82CAA60F10075B92E /* CategoryGridView.swift in Sources */,
				4A989DB42CAA5D220075B92E /* CategoryModel.swift in Sources */,
				4A6A6A2B2CABC792003C02BA /* BrandItemView.swift in Sources */,
				4AF734092C8573C5007E1087 /* NavigationBarView.swift in Sources */,
				4A349A532CAE5D510081A69E /* RatingSizesDetailView.swift in Sources */,
				4A989DBA2CAA639B0075B92E /* SectionView.swift in Sources */,
				4A349A512CAE5B7C0081A69E /* CustomShape.swift in Sources */,
				4A349A592CAE683D0081A69E /* Shop.swift in Sources */,
				4A989DB62CAA5EEC0075B92E /* CategoryItemView.swift in Sources */,
				4A6A6A292CABC732003C02BA /* BrandModel.swift in Sources */,
				4AF734132C857CEA007E1087 /* FeaturedTabView.swift in Sources */,
				4AF7340D2C85794D007E1087 /* PlayerModel.swift in Sources */,
			);
			runOnlyForDeploymentPostprocessing = 0;
		};
/* End PBXSourcesBuildPhase section */

/* Begin XCBuildConfiguration section */
		4A6E29BB2C817DDC00F6B3A3 /* Debug */ = {
			isa = XCBuildConfiguration;
			buildSettings = {
				ALWAYS_SEARCH_USER_PATHS = NO;
				ASSETCATALOG_COMPILER_GENERATE_SWIFT_ASSET_SYMBOL_EXTENSIONS = YES;
				CLANG_ANALYZER_NONNULL = YES;
				CLANG_ANALYZER_NUMBER_OBJECT_CONVERSION = YES_AGGRESSIVE;
				CLANG_CXX_LANGUAGE_STANDARD = "gnu++20";
				CLANG_ENABLE_MODULES = YES;
				CLANG_ENABLE_OBJC_ARC = YES;
				CLANG_ENABLE_OBJC_WEAK = YES;
				CLANG_WARN_BLOCK_CAPTURE_AUTORELEASING = YES;
				CLANG_WARN_BOOL_CONVERSION = YES;
				CLANG_WARN_COMMA = YES;
				CLANG_WARN_CONSTANT_CONVERSION = YES;
				CLANG_WARN_DEPRECATED_OBJC_IMPLEMENTATIONS = YES;
				CLANG_WARN_DIRECT_OBJC_ISA_USAGE = YES_ERROR;
				CLANG_WARN_DOCUMENTATION_COMMENTS = YES;
				CLANG_WARN_EMPTY_BODY = YES;
				CLANG_WARN_ENUM_CONVERSION = YES;
				CLANG_WARN_INFINITE_RECURSION = YES;
				CLANG_WARN_INT_CONVERSION = YES;
				CLANG_WARN_NON_LITERAL_NULL_CONVERSION = YES;
				CLANG_WARN_OBJC_IMPLICIT_RETAIN_SELF = YES;
				CLANG_WARN_OBJC_LITERAL_CONVERSION = YES;
				CLANG_WARN_OBJC_ROOT_CLASS = YES_ERROR;
				CLANG_WARN_QUOTED_INCLUDE_IN_FRAMEWORK_HEADER = YES;
				CLANG_WARN_RANGE_LOOP_ANALYSIS = YES;
				CLANG_WARN_STRICT_PROTOTYPES = YES;
				CLANG_WARN_SUSPICIOUS_MOVE = YES;
				CLANG_WARN_UNGUARDED_AVAILABILITY = YES_AGGRESSIVE;
				CLANG_WARN_UNREACHABLE_CODE = YES;
				CLANG_WARN__DUPLICATE_METHOD_MATCH = YES;
				COPY_PHASE_STRIP = NO;
				DEBUG_INFORMATION_FORMAT = dwarf;
				ENABLE_STRICT_OBJC_MSGSEND = YES;
				ENABLE_TESTABILITY = YES;
				ENABLE_USER_SCRIPT_SANDBOXING = YES;
				GCC_C_LANGUAGE_STANDARD = gnu17;
				GCC_DYNAMIC_NO_PIC = NO;
				GCC_NO_COMMON_BLOCKS = YES;
				GCC_OPTIMIZATION_LEVEL = 0;
				GCC_PREPROCESSOR_DEFINITIONS = (
					"DEBUG=1",
					"$(inherited)",
				);
				GCC_WARN_64_TO_32_BIT_CONVERSION = YES;
				GCC_WARN_ABOUT_RETURN_TYPE = YES_ERROR;
				GCC_WARN_UNDECLARED_SELECTOR = YES;
				GCC_WARN_UNINITIALIZED_AUTOS = YES_AGGRESSIVE;
				GCC_WARN_UNUSED_FUNCTION = YES;
				GCC_WARN_UNUSED_VARIABLE = YES;
				IPHONEOS_DEPLOYMENT_TARGET = 17.5;
				LOCALIZATION_PREFERS_STRING_CATALOGS = YES;
				MTL_ENABLE_DEBUG_INFO = INCLUDE_SOURCE;
				MTL_FAST_MATH = YES;
				ONLY_ACTIVE_ARCH = YES;
				SDKROOT = iphoneos;
				SWIFT_ACTIVE_COMPILATION_CONDITIONS = "DEBUG $(inherited)";
				SWIFT_OPTIMIZATION_LEVEL = "-Onone";
			};
			name = Debug;
		};
		4A6E29BC2C817DDC00F6B3A3 /* Release */ = {
			isa = XCBuildConfiguration;
			buildSettings = {
				ALWAYS_SEARCH_USER_PATHS = NO;
				ASSETCATALOG_COMPILER_GENERATE_SWIFT_ASSET_SYMBOL_EXTENSIONS = YES;
				CLANG_ANALYZER_NONNULL = YES;
				CLANG_ANALYZER_NUMBER_OBJECT_CONVERSION = YES_AGGRESSIVE;
				CLANG_CXX_LANGUAGE_STANDARD = "gnu++20";
				CLANG_ENABLE_MODULES = YES;
				CLANG_ENABLE_OBJC_ARC = YES;
				CLANG_ENABLE_OBJC_WEAK = YES;
				CLANG_WARN_BLOCK_CAPTURE_AUTORELEASING = YES;
				CLANG_WARN_BOOL_CONVERSION = YES;
				CLANG_WARN_COMMA = YES;
				CLANG_WARN_CONSTANT_CONVERSION = YES;
				CLANG_WARN_DEPRECATED_OBJC_IMPLEMENTATIONS = YES;
				CLANG_WARN_DIRECT_OBJC_ISA_USAGE = YES_ERROR;
				CLANG_WARN_DOCUMENTATION_COMMENTS = YES;
				CLANG_WARN_EMPTY_BODY = YES;
				CLANG_WARN_ENUM_CONVERSION = YES;
				CLANG_WARN_INFINITE_RECURSION = YES;
				CLANG_WARN_INT_CONVERSION = YES;
				CLANG_WARN_NON_LITERAL_NULL_CONVERSION = YES;
				CLANG_WARN_OBJC_IMPLICIT_RETAIN_SELF = YES;
				CLANG_WARN_OBJC_LITERAL_CONVERSION = YES;
				CLANG_WARN_OBJC_ROOT_CLASS = YES_ERROR;
				CLANG_WARN_QUOTED_INCLUDE_IN_FRAMEWORK_HEADER = YES;
				CLANG_WARN_RANGE_LOOP_ANALYSIS = YES;
				CLANG_WARN_STRICT_PROTOTYPES = YES;
				CLANG_WARN_SUSPICIOUS_MOVE = YES;
				CLANG_WARN_UNGUARDED_AVAILABILITY = YES_AGGRESSIVE;
				CLANG_WARN_UNREACHABLE_CODE = YES;
				CLANG_WARN__DUPLICATE_METHOD_MATCH = YES;
				COPY_PHASE_STRIP = NO;
				DEBUG_INFORMATION_FORMAT = "dwarf-with-dsym";
				ENABLE_NS_ASSERTIONS = NO;
				ENABLE_STRICT_OBJC_MSGSEND = YES;
				ENABLE_USER_SCRIPT_SANDBOXING = YES;
				GCC_C_LANGUAGE_STANDARD = gnu17;
				GCC_NO_COMMON_BLOCKS = YES;
				GCC_WARN_64_TO_32_BIT_CONVERSION = YES;
				GCC_WARN_ABOUT_RETURN_TYPE = YES_ERROR;
				GCC_WARN_UNDECLARED_SELECTOR = YES;
				GCC_WARN_UNINITIALIZED_AUTOS = YES_AGGRESSIVE;
				GCC_WARN_UNUSED_FUNCTION = YES;
				GCC_WARN_UNUSED_VARIABLE = YES;
				IPHONEOS_DEPLOYMENT_TARGET = 17.5;
				LOCALIZATION_PREFERS_STRING_CATALOGS = YES;
				MTL_ENABLE_DEBUG_INFO = NO;
				MTL_FAST_MATH = YES;
				SDKROOT = iphoneos;
				SWIFT_COMPILATION_MODE = wholemodule;
				VALIDATE_PRODUCT = YES;
			};
			name = Release;
		};
		4A6E29BE2C817DDC00F6B3A3 /* Debug */ = {
			isa = XCBuildConfiguration;
			buildSettings = {
				ASSETCATALOG_COMPILER_APPICON_NAME = AppIcon;
				ASSETCATALOG_COMPILER_GLOBAL_ACCENT_COLOR_NAME = AccentColor;
				CODE_SIGN_STYLE = Automatic;
				CURRENT_PROJECT_VERSION = 1;
				DEVELOPMENT_ASSET_PATHS = "\"Touchdown/Preview Content\"";
				ENABLE_PREVIEWS = YES;
				GENERATE_INFOPLIST_FILE = YES;
				INFOPLIST_FILE = Touchdown/Info.plist;
				INFOPLIST_KEY_UIApplicationSceneManifest_Generation = YES;
				INFOPLIST_KEY_UIApplicationSupportsIndirectInputEvents = YES;
				INFOPLIST_KEY_UISupportedInterfaceOrientations = UIInterfaceOrientationPortrait;
				INFOPLIST_KEY_UISupportedInterfaceOrientations_iPad = "UIInterfaceOrientationLandscapeLeft UIInterfaceOrientationLandscapeRight UIInterfaceOrientationPortrait UIInterfaceOrientationPortraitUpsideDown";
				INFOPLIST_KEY_UIUserInterfaceStyle = Light;
				LD_RUNPATH_SEARCH_PATHS = (
					"$(inherited)",
					"@executable_path/Frameworks",
				);
				MARKETING_VERSION = 1.0;
				PRODUCT_BUNDLE_IDENTIFIER = com.victoriadigitalagency.TouchdownPracticeApp.Touchdown;
				PRODUCT_NAME = "$(TARGET_NAME)";
				SWIFT_EMIT_LOC_STRINGS = YES;
				SWIFT_VERSION = 5.0;
				TARGETED_DEVICE_FAMILY = "1,2";
			};
			name = Debug;
		};
		4A6E29BF2C817DDC00F6B3A3 /* Release */ = {
			isa = XCBuildConfiguration;
			buildSettings = {
				ASSETCATALOG_COMPILER_APPICON_NAME = AppIcon;
				ASSETCATALOG_COMPILER_GLOBAL_ACCENT_COLOR_NAME = AccentColor;
				CODE_SIGN_STYLE = Automatic;
				CURRENT_PROJECT_VERSION = 1;
				DEVELOPMENT_ASSET_PATHS = "\"Touchdown/Preview Content\"";
				ENABLE_PREVIEWS = YES;
				GENERATE_INFOPLIST_FILE = YES;
				INFOPLIST_FILE = Touchdown/Info.plist;
				INFOPLIST_KEY_UIApplicationSceneManifest_Generation = YES;
				INFOPLIST_KEY_UIApplicationSupportsIndirectInputEvents = YES;
				INFOPLIST_KEY_UISupportedInterfaceOrientations = UIInterfaceOrientationPortrait;
				INFOPLIST_KEY_UISupportedInterfaceOrientations_iPad = "UIInterfaceOrientationLandscapeLeft UIInterfaceOrientationLandscapeRight UIInterfaceOrientationPortrait UIInterfaceOrientationPortraitUpsideDown";
				INFOPLIST_KEY_UIUserInterfaceStyle = Light;
				LD_RUNPATH_SEARCH_PATHS = (
					"$(inherited)",
					"@executable_path/Frameworks",
				);
				MARKETING_VERSION = 1.0;
				PRODUCT_BUNDLE_IDENTIFIER = com.victoriadigitalagency.TouchdownPracticeApp.Touchdown;
				PRODUCT_NAME = "$(TARGET_NAME)";
				SWIFT_EMIT_LOC_STRINGS = YES;
				SWIFT_VERSION = 5.0;
				TARGETED_DEVICE_FAMILY = "1,2";
			};
			name = Release;
		};
/* End XCBuildConfiguration section */

/* Begin XCConfigurationList section */
		4A6E29AA2C817DDB00F6B3A3 /* Build configuration list for PBXProject "Touchdown" */ = {
			isa = XCConfigurationList;
			buildConfigurations = (
				4A6E29BB2C817DDC00F6B3A3 /* Debug */,
				4A6E29BC2C817DDC00F6B3A3 /* Release */,
			);
			defaultConfigurationIsVisible = 0;
			defaultConfigurationName = Release;
		};
		4A6E29BD2C817DDC00F6B3A3 /* Build configuration list for PBXNativeTarget "Touchdown" */ = {
			isa = XCConfigurationList;
			buildConfigurations = (
				4A6E29BE2C817DDC00F6B3A3 /* Debug */,
				4A6E29BF2C817DDC00F6B3A3 /* Release */,
			);
			defaultConfigurationIsVisible = 0;
			defaultConfigurationName = Release;
		};
/* End XCConfigurationList section */
	};
	rootObject = 4A6E29A72C817DDB00F6B3A3 /* Project object */;
}
